
Microsoft Visual Studio Solution File, Format Version 12.00
# Visual Studio Version 17
VisualStudioVersion = 17.5.33516.290
MinimumVisualStudioVersion = 10.0.40219.1
Project("{FAE04EC0-301F-11D3-BF4B-00C04F79EFBC}") = "Somar Vetores", "Somar Vetores\Somar Vetores.csproj", "{29688949-4BF1-4008-9C1B-0EB1B4EBECCA}"
EndProject
Global
	GlobalSection(SolutionConfigurationPlatforms) = preSolution
		Debug|Any CPU = Debug|Any CPU
		Release|Any CPU = Release|Any CPU
	EndGlobalSection
	GlobalSection(ProjectConfigurationPlatforms) = postSolution
		{29688949-4BF1-4008-9C1B-0EB1B4EBECCA}.Debug|Any CPU.ActiveCfg = Debug|Any CPU
		{29688949-4BF1-4008-9C1B-0EB1B4EBECCA}.Debug|Any CPU.Build.0 = Debug|Any CPU
		{29688949-4BF1-4008-9C1B-0EB1B4EBECCA}.Release|Any CPU.ActiveCfg = Release|Any CPU
		{29688949-4BF1-4008-9C1B-0EB1B4EBECCA}.Release|Any CPU.Build.0 = Release|Any CPU
	EndGlobalSection
	GlobalSection(SolutionProperties) = preSolution
		HideSolutionNode = FALSE
	EndGlobalSection
	GlobalSection(ExtensibilityGlobals) = postSolution
		SolutionGuid = {205ACC4C-1B5F-46CE-AE61-7158C4E7F65C}
	EndGlobalSection
EndGlobal
